
Microsoft Visual Studio Solution File, Format Version 12.00
# Visual Studio 15
VisualStudioVersion = 15.0.26124.0
MinimumVisualStudioVersion = 15.0.26124.0
Project("{2150E333-8FDC-42A3-9474-1A3956D46DE8}") = "src", "src", "{5336B7F3-6AB4-4620-8676-DDC34CF8F1EF}"
EndProject
Project("{FAE04EC0-301F-11D3-BF4B-00C04F79EFBC}") = "protobuf.Text", "src\protobuf.Text\protobuf.Text.csproj", "{C79E1829-E451-4E2F-BB2F-30A49ED53E55}"
EndProject
Project("{2150E333-8FDC-42A3-9474-1A3956D46DE8}") = "test", "test", "{1F13EC50-76B3-4968-B277-7E5150E471B0}"
EndProject
Project("{FAE04EC0-301F-11D3-BF4B-00C04F79EFBC}") = "Test", "test\Test\Test.csproj", "{59658858-E24D-4D93-9BC8-2ACAD0BE26C3}"
EndProject
Global
	GlobalSection(SolutionConfigurationPlatforms) = preSolution
		Debug|Any CPU = Debug|Any CPU
		Debug|x64 = Debug|x64
		Debug|x86 = Debug|x86
		Release|Any CPU = Release|Any CPU
		Release|x64 = Release|x64
		Release|x86 = Release|x86
	EndGlobalSection
	GlobalSection(SolutionProperties) = preSolution
		HideSolutionNode = FALSE
	EndGlobalSection
	GlobalSection(ProjectConfigurationPlatforms) = postSolution
		{C79E1829-E451-4E2F-BB2F-30A49ED53E55}.Debug|Any CPU.ActiveCfg = Debug|Any CPU
		{C79E1829-E451-4E2F-BB2F-30A49ED53E55}.Debug|Any CPU.Build.0 = Debug|Any CPU
		{C79E1829-E451-4E2F-BB2F-30A49ED53E55}.Debug|x64.ActiveCfg = Debug|Any CPU
		{C79E1829-E451-4E2F-BB2F-30A49ED53E55}.Debug|x64.Build.0 = Debug|Any CPU
		{C79E1829-E451-4E2F-BB2F-30A49ED53E55}.Debug|x86.ActiveCfg = Debug|Any CPU
		{C79E1829-E451-4E2F-BB2F-30A49ED53E55}.Debug|x86.Build.0 = Debug|Any CPU
		{C79E1829-E451-4E2F-BB2F-30A49ED53E55}.Release|Any CPU.ActiveCfg = Release|Any CPU
		{C79E1829-E451-4E2F-BB2F-30A49ED53E55}.Release|Any CPU.Build.0 = Release|Any CPU
		{C79E1829-E451-4E2F-BB2F-30A49ED53E55}.Release|x64.ActiveCfg = Release|Any CPU
		{C79E1829-E451-4E2F-BB2F-30A49ED53E55}.Release|x64.Build.0 = Release|Any CPU
		{C79E1829-E451-4E2F-BB2F-30A49ED53E55}.Release|x86.ActiveCfg = Release|Any CPU
		{C79E1829-E451-4E2F-BB2F-30A49ED53E55}.Release|x86.Build.0 = Release|Any CPU
		{59658858-E24D-4D93-9BC8-2ACAD0BE26C3}.Debug|Any CPU.ActiveCfg = Debug|Any CPU
		{59658858-E24D-4D93-9BC8-2ACAD0BE26C3}.Debug|Any CPU.Build.0 = Debug|Any CPU
		{59658858-E24D-4D93-9BC8-2ACAD0BE26C3}.Debug|x64.ActiveCfg = Debug|Any CPU
		{59658858-E24D-4D93-9BC8-2ACAD0BE26C3}.Debug|x64.Build.0 = Debug|Any CPU
		{59658858-E24D-4D93-9BC8-2ACAD0BE26C3}.Debug|x86.ActiveCfg = Debug|Any CPU
		{59658858-E24D-4D93-9BC8-2ACAD0BE26C3}.Debug|x86.Build.0 = Debug|Any CPU
		{59658858-E24D-4D93-9BC8-2ACAD0BE26C3}.Release|Any CPU.ActiveCfg = Release|Any CPU
		{59658858-E24D-4D93-9BC8-2ACAD0BE26C3}.Release|Any CPU.Build.0 = Release|Any CPU
		{59658858-E24D-4D93-9BC8-2ACAD0BE26C3}.Release|x64.ActiveCfg = Release|Any CPU
		{59658858-E24D-4D93-9BC8-2ACAD0BE26C3}.Release|x64.Build.0 = Release|Any CPU
		{59658858-E24D-4D93-9BC8-2ACAD0BE26C3}.Release|x86.ActiveCfg = Release|Any CPU
		{59658858-E24D-4D93-9BC8-2ACAD0BE26C3}.Release|x86.Build.0 = Release|Any CPU
	EndGlobalSection
	GlobalSection(NestedProjects) = preSolution
		{C79E1829-E451-4E2F-BB2F-30A49ED53E55} = {5336B7F3-6AB4-4620-8676-DDC34CF8F1EF}
		{59658858-E24D-4D93-9BC8-2ACAD0BE26C3} = {1F13EC50-76B3-4968-B277-7E5150E471B0}
	EndGlobalSection
EndGlobal
